version = 1
project = "sift"
ir_kind = "ec"
ec_path = "apps/sift/external-contracts"
inventory_path = "apps/sift/aw.toml"
generated_at = "2026-07-13T18:05:55.675297+00:00"
ir_digest = "sha256:b34e7ec0f9ef8d33f893c5880aae79ddb2f66e0bb57cda3791743260f6466c90"
source_digest = "sha256:27e93cb9f500374e113bb311f4335a69256ce20757b2b2aea3b0173001cde762"

[[sources]]
path = "apps/sift/external-contracts/behavior/durable-ingest-http-contract.md"
digest = "sha256:38f2e8e10aef81b7d617f1e6961686ba7c70334ba181270fabbf1f66d7e7b1c9"

[[sources]]
path = "apps/sift/external-contracts/behavior/standard-operational-endpoints-contract.md"
digest = "sha256:a63e0a178b625a97042a2401aa50dac1454958086f4dfdee6b989dfe2c5c4720"

[[sources]]
path = "apps/sift/external-contracts/long-running-stability/sift-resilience.md"
digest = "sha256:7123f1b3550b0780cd6d964b168381f28aeccb53227927485734c46e24cf80c3"

[[sources]]
path = "apps/sift/external-contracts/security-hardening/sift-auth.md"
digest = "sha256:df263e62d5beb60253fb07ef2ade6da35067aa593105850862c9f384b2cd7064"

[[cases]]
id = "durable-ingest-http-contract"
capability_id = "operational-event-ingest"
claim_id = "h2c-openapi-event-write-route"
contract_id = "sift.durable_ingest_http.v1"
dimension = "behavior"
source_ref = "apps/sift/external-contracts/behavior/durable-ingest-http-contract.md#durable-ingest-http-contract"
test_path = "apps/sift/e2e/behavior_durable_ingest_http_contract.rs"
command = "cargo test -p sift --test ingest_api"
required_for_production = true
assertions = [
    "The h2c /v1/events route accepts validated six-signal envelopes and acknowledges only after durable storage.",
    "A repeated event id is idempotent across journal restart and replay returns the persisted envelope.",
    "The service exposes its OpenAPI and standard operational endpoints alongside the ingest contract.",
]
evidence_digest = "sha256:e3b0c44298fc1c149afbf4c8996fb92427ae41e4649b934ca495991b7852b855"
evaluator_digest = "sha256:e3b0c44298fc1c149afbf4c8996fb92427ae41e4649b934ca495991b7852b855"
digest = "sha256:d6f58804eb11acf460f0d53afc6454c8bd506987d2b7ec3ec604bb08eeadee18"

[[cases]]
id = "one-port-health-readiness-metrics-contract"
capability_id = "standard-operational-endpoints"
claim_id = "one-port-health-readiness-metrics"
contract_id = "sift.standard_operational_endpoints.v1"
dimension = "behavior"
source_ref = "apps/sift/external-contracts/behavior/standard-operational-endpoints-contract.md#one-port-health-readiness-metrics-contract"
test_path = "apps/sift/e2e/behavior_one_port_health_readiness_metrics_contract.rs"
command = "cargo test -p sift --test ingest_api"
required_for_production = true
assertions = ["The service exposes /healthz, /readyz, and Prometheus /metrics on its data-plane port."]
evidence_digest = "sha256:e3b0c44298fc1c149afbf4c8996fb92427ae41e4649b934ca495991b7852b855"
evaluator_digest = "sha256:e3b0c44298fc1c149afbf4c8996fb92427ae41e4649b934ca495991b7852b855"
digest = "sha256:6b8736a7f2288d1cff0104e6164aaf6b559affb7f37153ae9d53bd96ebfab582"

[[cases]]
id = "served-openapi-and-docs-contract"
capability_id = "standard-operational-endpoints"
claim_id = "served-openapi-and-docs"
contract_id = "sift.standard_operational_endpoints.v1"
dimension = "behavior"
source_ref = "apps/sift/external-contracts/behavior/standard-operational-endpoints-contract.md#served-openapi-and-docs-contract"
test_path = "apps/sift/e2e/behavior_served_openapi_and_docs_contract.rs"
command = "cargo test -p sift --test ingest_api"
required_for_production = true
assertions = ["The service exposes /openapi.json and /docs on that same port."]
evidence_digest = "sha256:e3b0c44298fc1c149afbf4c8996fb92427ae41e4649b934ca495991b7852b855"
evaluator_digest = "sha256:e3b0c44298fc1c149afbf4c8996fb92427ae41e4649b934ca495991b7852b855"
digest = "sha256:0e8c7630acb560093f220d36134bde99a5a988aa09c101a7545cc40ae9162d7e"

[[cases]]
id = "sift-long-running-stability-resilience"
capability_id = "long-running-stability"
claim_id = "ingest-query-replay-soak"
contract_id = "sift.resilience.v1"
dimension = "stability"
source_ref = "apps/sift/external-contracts/long-running-stability/sift-resilience.md#sift-long-running-stability-resilience"
test_path = "apps/sift/e2e/stability_sift_long_running_stability_resilience.rs"
command = "cargo test -p sift --test stability_e2e -- --nocapture"
required_for_production = true
assertions = [
    "A bounded burst of 128 valid events is durably acknowledged without an unbounded in-memory queue.",
    "Drain changes readiness to unavailable and the CRC-framed journal reopens with every acknowledged event.",
]
evidence_digest = "sha256:e3b0c44298fc1c149afbf4c8996fb92427ae41e4649b934ca495991b7852b855"
evaluator_digest = "sha256:e3b0c44298fc1c149afbf4c8996fb92427ae41e4649b934ca495991b7852b855"
digest = "sha256:620056d5a8beb24ef829ea9355cddf8b6d00ad6a59219f34798b27b1684308c0"

[[cases]]
id = "sift-security-hardening-bearer-auth"
capability_id = "security-hardening"
claim_id = "shared-bearer-token-auth"
contract_id = "sift.bearer_auth.v1"
dimension = "security"
source_ref = "apps/sift/external-contracts/security-hardening/sift-auth.md#sift-security-hardening-bearer-auth"
test_path = "apps/sift/e2e/security_sift_security_hardening_bearer_auth.rs"
command = "cargo test -p sift --test runtime_security_e2e -- --nocapture"
required_for_production = true
assertions = [
    "Required bearer authentication rejects unauthenticated data-plane requests and accepts an authorized write token.",
    "Health, readiness, metrics, OpenAPI, and docs probes remain reachable without a bearer token.",
]
evidence_digest = "sha256:e3b0c44298fc1c149afbf4c8996fb92427ae41e4649b934ca495991b7852b855"
evaluator_digest = "sha256:e3b0c44298fc1c149afbf4c8996fb92427ae41e4649b934ca495991b7852b855"
digest = "sha256:b0f7ffe5cbafff9d3515c98f3b457f8fc98ee3844d70119b7f597f081bba3f88"

[[tool_contracts]]
id = "sift-guard-auth-surface"
tool = "guard"
dimension = "security"
source_ref = "apps/sift/external-contracts/security-hardening/sift-auth.md#sift-guard-auth-surface"
manifest_path = "apps/sift/guard.toml"
command = "target/debug/guard scan apps/sift --compact --no-persist"
content_digest = "sha256:27fcee43a220cadf6f9d1a08bc7ada4ae2fb471b4719047e2d695504be6f78f3"
digest = "sha256:d969e02ed227e8846d386205ded7123dede0ed019c90fd70af913479a6782bd7"

[[tool_contracts]]
id = "sift-meter-stability"
tool = "meter"
dimension = "stability"
source_ref = "apps/sift/external-contracts/long-running-stability/sift-resilience.md#sift-meter-stability"
manifest_path = "apps/sift/meter-stability.toml"
command = "target/debug/meter test -- -p sift --test stability_e2e -- --nocapture"
content_digest = "sha256:a1edddb2f5ae495e0f46a16d61fa99c2574579d797db7afd940088f37d9b680d"
digest = "sha256:bcace99607a934978767ff8132404526684cf307612edb37995cb3fe7ac9c96a"

[[tool_contracts]]
id = "sift-rig-resilience"
tool = "rig"
dimension = "stability"
source_ref = "apps/sift/external-contracts/long-running-stability/sift-resilience.md#sift-rig-resilience"
manifest_path = "apps/sift/rig.toml"
command = "cd apps/sift && ../../target/debug/vat run ec-stability"
content_digest = "sha256:8fd65e532c534774c4ab90378d3d7f088cb9e54a1cc0adee7b432cd0d3c422de"
digest = "sha256:883d5a99895cfbc23cea30cf16154a0fe9448f5932539ff09bc72ae132afe228"
