version = 2
project = "sift"
ir_kind = "td"
td_path = "projects/sift/tech-design"
generated_at = "2026-07-17T10:41:32.845865+00:00"
digest = "sha256:6183cab75fd36cd29f6115d912689fe5dfd2d189f0b0721126d8012ac2aabb17"
source_digest = "sha256:6183cab75fd36cd29f6115d912689fe5dfd2d189f0b0721126d8012ac2aabb17"
ir_digest = "sha256:a1bd4c545aa7e09ca5ec23f98718cc0dfad7258a33d97fcecc18a2c131958340"

[[files]]
path = "interfaces/rest/adopt-shared-runtime-security-and-agent-interface.md"
digest = "sha256:0223408ec2311ec43520cd6e0c51c5d31b142e8d9cfb0cae3c7182cb688eead1"
ir_digest = "sha256:748e0624fc39b66ba8c40f8a0e278bc8295b7fbc99da19fe6700a238a6144cce"
section_count = 2

[[files]]
path = "interfaces/rest/align-domain-v1-capability-contract-and-tracker.md"
digest = "sha256:421aae9c1a8eb36fa1b5f86131e9e4f486b09ca1edc3a59c15a7802996753bfc"
ir_digest = "sha256:19921e56d8be386ec2d0521a0837402913440013b6e01f3cb53dbaf92cd5a0c1"
section_count = 2

[[files]]
path = "interfaces/rest/bootstrap-service-contract-and-durable-raw-event-vertical-slice.md"
digest = "sha256:35ee36a2411335a53e3a1b1407c08f82a87d94773dd0cc26b1fc1c2ee646d59e"
ir_digest = "sha256:0b88419781dd0923c1510b53ddd146a17787c0596fb2b34a803f22f42f1675f2"
section_count = 2

[[files]]
path = "logic/add-durable-projection-runtime-and-embedded-lumen-index.md"
digest = "sha256:6ca5c7b44354b85d67da846688bd193fb6a160bceadfb0826fa2d49faf7ace74"
ir_digest = "sha256:5f3468ecb149366ab562ff1bcb7ede04f0767462a2621fd3159d8a48a162afe7"
section_count = 5

[[files]]
path = "logic/add-epoch-sharded-journal-blobs-and-gcs-archive.md"
digest = "sha256:9f287a5b8f307ffa883604caf737e40b555214c1ba6e6df0f8aa4c669763a806"
ir_digest = "sha256:317cdb56e94d19743e5bab2b28e781c129633d94895e3d0dd72b96c41254cf43"
section_count = 4

[[files]]
path = "logic/add-error-grouping-and-lifecycle-store.md"
digest = "sha256:2480ed9d6cea60b35d5cb0371d13e52f9123ca505378c0d9db16c2502307ed44"
ir_digest = "sha256:da06eb2a500e19ede47548a04aeaec4cd9cec777afd9087e8e07e8f0be777373"
section_count = 5

[[files]]
path = "logic/add-gcp-compatible-logging-store.md"
digest = "sha256:d65d965a392f831f92579c32655ed8b572ffc8c79713ed18eb24ce5def840b8e"
ir_digest = "sha256:ddff869221c15108b49447dd1bbabf7fd533761b6023abf0b8d9bfea7b3e9165"
section_count = 5

[[files]]
path = "logic/add-genai-observations-sessions-cost-and-evaluations.md"
digest = "sha256:1df6dbdfcaa269edf5b258313fffbcee384243936267d9bf46ecac13e46f2ea4"
ir_digest = "sha256:5f66f1b8f30c972a89034206b8632b6b6ddd15128c08ee90edbf017e331f98db"
section_count = 1

[[files]]
path = "logic/add-gke-structured-log-collector.md"
digest = "sha256:862c95127814a48e866151a75e7b194d00ee162f9f4535abda8777621d3ae140"
ir_digest = "sha256:3bf555a88b5319e5a4229cfc35d0782993874ba4ad9633aa8cadd3f65d17417c"
section_count = 3

[[files]]
path = "logic/add-immutable-audit-and-change-store.md"
digest = "sha256:3fe3160bf28d852afd404fef6d177974dbb34747c2386de08ebb8171ab2ba0c2"
ir_digest = "sha256:c96d47985527b5a0f0c7d7e515108d9129e59f95c97aeebe733b19603318ad54"
section_count = 5

[[files]]
path = "logic/add-kubernetes-deployment-and-operator-surfaces.md"
digest = "sha256:9b6f2a3218e854412694f67da3a826b698f96537ab3004a973146eb5dff6ed8d"
ir_digest = "sha256:bc96432ba6a1f38ec53195ae5815290b215ae8ee0bc44964d54b50301116ec0a"
section_count = 2

[[files]]
path = "logic/add-local-structured-stdout-collector-core.md"
digest = "sha256:732ec0fa9fd4defd3bd87e55bddc9729bab978699b360a2a0a4b4916fa454a95"
ir_digest = "sha256:822b0284030605b2b46025552942ee73f00f4137a2144cea481b23b5952f248f"
section_count = 3

[[files]]
path = "logic/add-metric-time-series-store-and-rollups.md"
digest = "sha256:3d6ba66f885aea7303fab7fd69ed615e961e40208385893ac939e8e4e8ca85c5"
ir_digest = "sha256:171c8a9c26c190ca7f76ebcc7c6b92a8a8ded9fcf3f83c809ff8363bf000c9d4"
section_count = 5

[[files]]
path = "logic/add-operational-ec-stability-and-governance-gates.md"
digest = "sha256:368704d96eb12adac4ef3cf4a6af57feb96e20cc7646292da1d2d78cbf450d34"
ir_digest = "sha256:0f230120abc5d9cbca24b522978b6d25363f5a8abf79453721fb0fb2d8058765"
section_count = 2

[[files]]
path = "logic/add-operationaleventv2-and-pre-journal-governance.md"
digest = "sha256:a286b0e8195d3d6293104b24bcf706bd0c2a8bd6779cb127a195250adf768dd5"
ir_digest = "sha256:5c608cdd24c6aaf8bb69797aec7e59b6c9b27cafa7edfd8ceda20231acd75bb7"
section_count = 4

[[files]]
path = "logic/add-otel-profile-observability-store.md"
digest = "sha256:2837ae034cffdd964e7e40b16e16b9f0b6e94c971e1f0acc2f7b0791964adf76"
ir_digest = "sha256:84ab1e129a7d1f5c4328561a3a540727eaddb8ca42e2f221b080d433b08b1199"
section_count = 5

[[files]]
path = "logic/add-otlp-and-gcp-bounded-batch-ingest.md"
digest = "sha256:09d2be32dcac39f8e05c57a5cb2c7d7e5f28e57fc161e5f90ec93386a764aad7"
ir_digest = "sha256:fbf179913c14c50b215c18d7fc929161b3114ce9369a3518db4bbbb4edd31118"
section_count = 5

[[files]]
path = "logic/add-shared-ha-and-backup-lifecycle.md"
digest = "sha256:d0adc50ad77a0494a3f6bc644903260efef1519c0e0598b6fea53e0935219b8c"
ir_digest = "sha256:43109e85d0b32ebc28dff78cd9b636189c556c79a91dc448023079ccd8702b76"
section_count = 2

[[files]]
path = "logic/add-trace-topology-and-critical-path-store.md"
digest = "sha256:bfdc0f8bbc4bbe1f9c41794d97226c9d4c7ed8e8fa961bc8cb0c0c5c3f887de0"
ir_digest = "sha256:0a8d2bd413b712cffe7ef79a49fbfc181bc5cd5915eec9defd030d97a4740193"
section_count = 5

[[files]]
path = "logic/adopted-td-code-claim-projects-sift.md"
digest = "sha256:cd37b62312bd1c1c6ee3038678b18f29b5cceec4960742d3a57fe2345283fada"
ir_digest = "sha256:b63b4378c4ee21ff862195680e65d2aee80814dd9572731a59c2bf0c74c435ee"
section_count = 2

[[files]]
path = "logic/follow-shared-library-package-renames-in-workspace-manifest.md"
digest = "sha256:de37f3be1e155a1a3f2918558c32e412cab852d84d59ea1d5619bd7796cfc9b5"
ir_digest = "sha256:976449de06d91540f37ff2c393d6dd265e94ad46d67d340e72ed79637b31e4c9"
section_count = 3

[[files]]
path = "logic/prove-vat-managed-lumen-stdout-collector-journey.md"
digest = "sha256:002f5eda5571b2496a6175dcfb39d2d9b58bd42da76b4d872ad111e3e5a504e4"
ir_digest = "sha256:0efee8f72daf7c1bb4f89b1e431f6cace00476171f5d3c9e2edc2f9d37e0fbcb"
section_count = 3

[[files]]
path = "logic/remediate-deployment-guard-hardening-findings.md"
digest = "sha256:f027f1c1b8c5245ae709b1acf128c61fecbbc32228475740b26b38b41abd9b8a"
ir_digest = "sha256:7d6539a077ba8e319c3f9e35832c1a9ea7eb5dae7a69edd4cff921da182d944f"
section_count = 2

[[files]]
path = "semantic/sift-projects-sift.md"
digest = "sha256:256c6d8e3f563c203028e4449f81ad0d7980575b944bedf029dced5d62b9e335"
ir_digest = "sha256:a6a8a5d2e8ef61922cca80554a845f35101036126428e5ac79ba1fcbf37ceff6"
section_count = 3
